version = 1
revision = 1
requires-python = ">=3.11"

[[package]]
name = "iso8601"
version = "2.1.0"
source = { registry = "https://pypi.org/simple" }
sdist = { url = "https://files.pythonhosted.org/packages/b9/f3/ef59cee614d5e0accf6fd0cbba025b93b272e626ca89fb70a3e9187c5d15/iso8601-2.1.0.tar.gz", hash = "sha256:6b1d3829ee8921c4301998c909f7829fa9ed3cbdac0d3b16af2d743aed1ba8df", size = 6522 }
wheels = [
    { url = "https://files.pythonhosted.org/packages/6c/0c/f37b6a241f0759b7653ffa7213889d89ad49a2b76eb2ddf3b57b2738c347/iso8601-2.1.0-py3-none-any.whl", hash = "sha256:aac4145c4dcb66ad8b648a02830f5e2ff6c24af20f4f482689be402db2429242", size = 7545 },
]

[[package]]
name = "m3u8"
version = "3.4.0"
source = { registry = "https://pypi.org/simple" }
dependencies = [
    { name = "iso8601" },
]
sdist = { url = "https://files.pythonhosted.org/packages/a4/b0/28d101c4131097c973248a214b5a6001e16671e201a1f78ccfc8b4c4acac/m3u8-3.4.0.tar.gz", hash = "sha256:6dddfb57ce485f67bf307e9581990db9a55614eeb2df4b89d6ae2c0ca7e525cd", size = 27024 }
wheels = [
    { url = "https://files.pythonhosted.org/packages/59/1f/337928cbd6971bdbc6d7f2f9690e11b2ab827e1b7cea6c8e2832337fb2af/m3u8-3.4.0-py3-none-any.whl", hash = "sha256:5016060622786abf4924bd7f0e04923c261762c999edaab073690d9031c1a8db", size = 24586 },
]

[[package]]
name = "onsendl"
version = "0.1.0"
source = { editable = "." }
dependencies = [
    { name = "m3u8" },
]

[package.metadata]
requires-dist = [{ name = "m3u8", specifier = "==3.4.0" }]
